
Microsoft Visual Studio Solution File, Format Version 12.00
# Visual Studio Version 17
VisualStudioVersion = 17.14.36401.2
MinimumVisualStudioVersion = 10.0.40219.1
Project("{54A90642-561A-4BB1-A94E-469ADEE60C69}") = "readmore.client", "readmore.client\readmore.client.esproj", "{42AC84CF-7AF6-A6B3-6719-27487172AF68}"
EndProject
Project("{FAE04EC0-301F-11D3-BF4B-00C04F79EFBC}") = "readmore.Server", "readmore.Server\readmore.Server.csproj", "{403D7C52-0719-4ABC-9239-BF6E4247285A}"
EndProject
Project("{FAE04EC0-301F-11D3-BF4B-00C04F79EFBC}") = "readmore.Server.Tests", "readmore.Server.Tests\readmore.Server.Tests.csproj", "{7F9D74FC-9733-B3A6-E5BE-C41C27BB6FC7}"
EndProject
Global
	GlobalSection(SolutionConfigurationPlatforms) = preSolution
		Debug|Any CPU = Debug|Any CPU
		Release|Any CPU = Release|Any CPU
	EndGlobalSection
	GlobalSection(ProjectConfigurationPlatforms) = postSolution
		{42AC84CF-7AF6-A6B3-6719-27487172AF68}.Debug|Any CPU.ActiveCfg = Debug|Any CPU
		{42AC84CF-7AF6-A6B3-6719-27487172AF68}.Debug|Any CPU.Build.0 = Debug|Any CPU
		{42AC84CF-7AF6-A6B3-6719-27487172AF68}.Debug|Any CPU.Deploy.0 = Debug|Any CPU
		{42AC84CF-7AF6-A6B3-6719-27487172AF68}.Release|Any CPU.ActiveCfg = Release|Any CPU
		{42AC84CF-7AF6-A6B3-6719-27487172AF68}.Release|Any CPU.Build.0 = Release|Any CPU
		{42AC84CF-7AF6-A6B3-6719-27487172AF68}.Release|Any CPU.Deploy.0 = Release|Any CPU
		{403D7C52-0719-4ABC-9239-BF6E4247285A}.Debug|Any CPU.ActiveCfg = Debug|Any CPU
		{403D7C52-0719-4ABC-9239-BF6E4247285A}.Debug|Any CPU.Build.0 = Debug|Any CPU
		{403D7C52-0719-4ABC-9239-BF6E4247285A}.Release|Any CPU.ActiveCfg = Release|Any CPU
		{403D7C52-0719-4ABC-9239-BF6E4247285A}.Release|Any CPU.Build.0 = Release|Any CPU
		{7F9D74FC-9733-B3A6-E5BE-C41C27BB6FC7}.Debug|Any CPU.ActiveCfg = Debug|Any CPU
		{7F9D74FC-9733-B3A6-E5BE-C41C27BB6FC7}.Debug|Any CPU.Build.0 = Debug|Any CPU
		{7F9D74FC-9733-B3A6-E5BE-C41C27BB6FC7}.Release|Any CPU.ActiveCfg = Release|Any CPU
		{7F9D74FC-9733-B3A6-E5BE-C41C27BB6FC7}.Release|Any CPU.Build.0 = Release|Any CPU
	EndGlobalSection
	GlobalSection(SolutionProperties) = preSolution
		HideSolutionNode = FALSE
	EndGlobalSection
	GlobalSection(ExtensibilityGlobals) = postSolution
		SolutionGuid = {1B203A41-E2F0-4DD9-A2BF-6AF95FA7415B}
	EndGlobalSection
EndGlobal
